
Microsoft Visual Studio Solution File, Format Version 12.00
# Visual Studio Version 17
VisualStudioVersion = 17.11.35312.102
MinimumVisualStudioVersion = 10.0.40219.1
Project("{9A19103F-16F7-4668-BE54-9A1E7A4F7556}") = "WaterLevelAPI", "WaterLevelAPI.csproj", "{0EFED4B1-D239-4269-8B32-206E01693C2A}"
EndProject
Global
	GlobalSection(SolutionConfigurationPlatforms) = preSolution
		Debug|Any CPU = Debug|Any CPU
		Release|Any CPU = Release|Any CPU
	EndGlobalSection
	GlobalSection(ProjectConfigurationPlatforms) = postSolution
		{0EFED4B1-D239-4269-8B32-206E01693C2A}.Debug|Any CPU.ActiveCfg = Debug|Any CPU
		{0EFED4B1-D239-4269-8B32-206E01693C2A}.Debug|Any CPU.Build.0 = Debug|Any CPU
		{0EFED4B1-D239-4269-8B32-206E01693C2A}.Release|Any CPU.ActiveCfg = Release|Any CPU
		{0EFED4B1-D239-4269-8B32-206E01693C2A}.Release|Any CPU.Build.0 = Release|Any CPU
	EndGlobalSection
	GlobalSection(SolutionProperties) = preSolution
		HideSolutionNode = FALSE
	EndGlobalSection
	GlobalSection(ExtensibilityGlobals) = postSolution
		SolutionGuid = {D733E87A-6D25-4131-9515-EBE34C2F09BD}
	EndGlobalSection
EndGlobal
